{
  "nodes": {
    "nixpkgs": {
      "locked": {
        "lastModified": 1759690006,
        "narHash": "sha256-FLNogO1NXuXfqxtF/gnwv16/wJ6H8GjPF/NPNATRoag=",
        "owner": "NixOS",
        "repo": "nixpkgs",
        "rev": "ca9ec63c6c46c1bcc2d66279e383d22d214f4d13",
        "type": "github"
      },
      "original": {
        "owner": "NixOS",
        "repo": "nixpkgs",
        "type": "github"
      }
    },
    "root": {
      "inputs": {
        "nixpkgs": "nixpkgs"
      }
    }
  },
  "root": "root",
  "version": 7
}
